
Microsoft Visual Studio Solution File, Format Version 12.00
# Visual Studio Version 16
VisualStudioVersion = 16.0.30413.136
MinimumVisualStudioVersion = 10.0.40219.1
Project("{FAE04EC0-301F-11D3-BF4B-00C04F79EFBC}") = "Index-van-e", "Index-van-e\Index-van-e.csproj", "{34FA192B-8F03-4538-9C44-3A4404D8582D}"
EndProject
Project("{FAE04EC0-301F-11D3-BF4B-00C04F79EFBC}") = "Haxor", "Haxor\Haxor.csproj", "{45331035-9300-4555-B0AC-DA777FF322FC}"
EndProject
Project("{FAE04EC0-301F-11D3-BF4B-00C04F79EFBC}") = "HalloJij!", "HalloJij!\HalloJij!.csproj", "{8A2EC9A6-AE92-400C-A465-796C47FA1225}"
EndProject
Global
	GlobalSection(SolutionConfigurationPlatforms) = preSolution
		Debug|Any CPU = Debug|Any CPU
		Release|Any CPU = Release|Any CPU
	EndGlobalSection
	GlobalSection(ProjectConfigurationPlatforms) = postSolution
		{34FA192B-8F03-4538-9C44-3A4404D8582D}.Debug|Any CPU.ActiveCfg = Debug|Any CPU
		{34FA192B-8F03-4538-9C44-3A4404D8582D}.Debug|Any CPU.Build.0 = Debug|Any CPU
		{34FA192B-8F03-4538-9C44-3A4404D8582D}.Release|Any CPU.ActiveCfg = Release|Any CPU
		{34FA192B-8F03-4538-9C44-3A4404D8582D}.Release|Any CPU.Build.0 = Release|Any CPU
		{45331035-9300-4555-B0AC-DA777FF322FC}.Debug|Any CPU.ActiveCfg = Debug|Any CPU
		{45331035-9300-4555-B0AC-DA777FF322FC}.Debug|Any CPU.Build.0 = Debug|Any CPU
		{45331035-9300-4555-B0AC-DA777FF322FC}.Release|Any CPU.ActiveCfg = Release|Any CPU
		{45331035-9300-4555-B0AC-DA777FF322FC}.Release|Any CPU.Build.0 = Release|Any CPU
		{8A2EC9A6-AE92-400C-A465-796C47FA1225}.Debug|Any CPU.ActiveCfg = Debug|Any CPU
		{8A2EC9A6-AE92-400C-A465-796C47FA1225}.Debug|Any CPU.Build.0 = Debug|Any CPU
		{8A2EC9A6-AE92-400C-A465-796C47FA1225}.Release|Any CPU.ActiveCfg = Release|Any CPU
		{8A2EC9A6-AE92-400C-A465-796C47FA1225}.Release|Any CPU.Build.0 = Release|Any CPU
	EndGlobalSection
	GlobalSection(SolutionProperties) = preSolution
		HideSolutionNode = FALSE
	EndGlobalSection
	GlobalSection(ExtensibilityGlobals) = postSolution
		SolutionGuid = {DAC4632D-45B8-482D-AFD9-714C3AEE888F}
	EndGlobalSection
EndGlobal
